PODS:
  - Flutter (1.0.0)
  - jitsi_meet (0.0.1):
    - Flutter
    - JitsiMeetSDK (= 2.8.1)
  - JitsiMeetSDK (2.8.1)
  - uni_links (0.0.1):
    - Flutter

DEPENDENCIES:
  - Flutter (from `Flutter`)
  - jitsi_meet (from `.symlinks/plugins/jitsi_meet/ios`)
  - uni_links (from `.symlinks/plugins/uni_links/ios`)

SPEC REPOS:
  trunk:
    - JitsiMeetSDK

EXTERNAL SOURCES:
  Flutter:
    :path: Flutter
  jitsi_meet:
    :path: ".symlinks/plugins/jitsi_meet/ios"
  uni_links:
    :path: ".symlinks/plugins/uni_links/ios"

SPEC CHECKSUMS:
  Flutter: 0e3d915762c693b495b44d77113d4970485de6ec
  jitsi_meet: 7670f18ad2814502f814fc6c79efab5e97588027
  JitsiMeetSDK: 2984eac1343690bf1c0c72bde75b48b0148d0f79
  uni_links: d97da20c7701486ba192624d99bffaaffcfc298a

PODFILE CHECKSUM: 182d058f78a3cf6812c5405cad2ee68126365869

COCOAPODS: 1.8.4
